<?xml version="1.0" encoding="utf-8"?>
<Project ToolsVersion="4.0" xmlns="http://schemas.microsoft.com/developer/msbuild/2003">
  <ItemGroup>
    <Filter Include="소스 파일">
      <UniqueIdentifier>{4FC737F1-C7A5-4376-A066-2A32D752A2FF}</UniqueIdentifier>
      <Extensions>cpp;c;cc;cxx;def;odl;idl;hpj;bat;asm;asmx</Extensions>
    </Filter>
    <Filter Include="헤더 파일">
      <UniqueIdentifier>{93995380-89BD-4b04-88EB-625FBE52EBFB}</UniqueIdentifier>
      <Extensions>h;hh;hpp;hxx;hm;inl;inc;xsd</Extensions>
    </Filter>
    <Filter Include="리소스 파일">
      <UniqueIdentifier>{67DA6AB6-F800-4c08-8B7A-83BB121AAD01}</UniqueIdentifier>
      <Extensions>rc;ico;cur;bmp;dlg;rc2;rct;bin;rgs;gif;jpg;jpeg;jpe;resx;tiff;tif;png;wav;mfcribbon-ms</Extensions>
    </Filter>
    <Filter Include="소스 파일\Core">
      <UniqueIdentifier>{3a2e13be-f43b-4266-9fd4-57648ec36a4c}</UniqueIdentifier>
    </Filter>
    <Filter Include="헤더 파일\Core">
      <UniqueIdentifier>{0e2d1aff-b900-4741-aa49-13b7d45de4d8}</UniqueIdentifier>
    </Filter>
    <Filter Include="소스 파일\Core\Controller">
      <UniqueIdentifier>{910150e6-3d02-4200-9d3c-927f4aaea4ce}</UniqueIdentifier>
    </Filter>
    <Filter Include="소스 파일\Video">
      <UniqueIdentifier>{cc73ecfe-1810-42b6-9450-34268ae98a22}</UniqueIdentifier>
    </Filter>
  </ItemGroup>
  <ItemGroup>
    <Text Include="ReadMe.txt" />
  </ItemGroup>
  <ItemGroup>
    <ClInclude Include="ExtractHologram_comp.h">
      <Filter>헤더 파일</Filter>
    </ClInclude>
    <ClInclude Include="ExtractHologram_compDlg.h">
      <Filter>헤더 파일</Filter>
    </ClInclude>
    <ClInclude Include="stdafx.h">
      <Filter>헤더 파일</Filter>
    </ClInclude>
    <ClInclude Include="targetver.h">
      <Filter>헤더 파일</Filter>
    </ClInclude>
    <ClInclude Include="Resource.h">
      <Filter>헤더 파일</Filter>
    </ClInclude>
    <ClInclude Include="ImageModule.h">
      <Filter>헤더 파일\Core</Filter>
    </ClInclude>
    <ClInclude Include="CannyEdgeDetector.h">
      <Filter>헤더 파일\Core</Filter>
    </ClInclude>
    <ClInclude Include="Filter.h">
      <Filter>헤더 파일\Core</Filter>
    </ClInclude>
    <ClInclude Include="HoughTransform.h">
      <Filter>헤더 파일\Core</Filter>
    </ClInclude>
    <ClInclude Include="ConvertChannels.h">
      <Filter>헤더 파일\Core</Filter>
    </ClInclude>
    <ClInclude Include="CannyEDCtrlInterface.h">
      <Filter>소스 파일\Core\Controller</Filter>
    </ClInclude>
    <ClInclude Include="HoughTFInterface.h">
      <Filter>소스 파일\Core\Controller</Filter>
    </ClInclude>
    <ClInclude Include="ConvChanIterface.h">
      <Filter>소스 파일\Core\Controller</Filter>
    </ClInclude>
    <ClInclude Include="PCA.h">
      <Filter>헤더 파일\Core</Filter>
    </ClInclude>
    <ClInclude Include="Histogram.h">
      <Filter>헤더 파일\Core</Filter>
    </ClInclude>
    <ClInclude Include="Hologram.h">
      <Filter>헤더 파일\Core</Filter>
    </ClInclude>
    <ClInclude Include="Detector.h">
      <Filter>헤더 파일\Core</Filter>
    </ClInclude>
    <ClInclude Include="Matcher.h">
      <Filter>헤더 파일\Core</Filter>
    </ClInclude>
    <ClInclude Include="TemplateHologram.h">
      <Filter>헤더 파일\Core</Filter>
    </ClInclude>
    <ClInclude Include="error.h">
      <Filter>헤더 파일\Core</Filter>
    </ClInclude>
    <ClInclude Include="VideoModule.h">
      <Filter>헤더 파일</Filter>
    </ClInclude>
    <ClInclude Include="define.h">
      <Filter>헤더 파일</Filter>
    </ClInclude>
  </ItemGroup>
  <ItemGroup>
    <ClCompile Include="ExtractHologram_comp.cpp">
      <Filter>소스 파일</Filter>
    </ClCompile>
    <ClCompile Include="ExtractHologram_compDlg.cpp">
      <Filter>소스 파일</Filter>
    </ClCompile>
    <ClCompile Include="stdafx.cpp">
      <Filter>소스 파일</Filter>
    </ClCompile>
    <ClCompile Include="ImageModule.cpp">
      <Filter>소스 파일\Core</Filter>
    </ClCompile>
    <ClCompile Include="CannyEdgeDetector.cpp">
      <Filter>소스 파일\Core</Filter>
    </ClCompile>
    <ClCompile Include="Filter.cpp">
      <Filter>소스 파일\Core</Filter>
    </ClCompile>
    <ClCompile Include="HoughTransform.cpp">
      <Filter>소스 파일\Core</Filter>
    </ClCompile>
    <ClCompile Include="ConvertChannels.cpp">
      <Filter>소스 파일\Core</Filter>
    </ClCompile>
    <ClCompile Include="CannyEDCtrlInterface.cpp">
      <Filter>소스 파일\Core\Controller</Filter>
    </ClCompile>
    <ClCompile Include="HoughTFInterface.cpp">
      <Filter>소스 파일\Core\Controller</Filter>
    </ClCompile>
    <ClCompile Include="ConvChanIterface.cpp">
      <Filter>소스 파일\Core\Controller</Filter>
    </ClCompile>
    <ClCompile Include="PCA.cpp">
      <Filter>소스 파일\Core</Filter>
    </ClCompile>
    <ClCompile Include="Histogram.cpp">
      <Filter>소스 파일\Core</Filter>
    </ClCompile>
    <ClCompile Include="Hologram.cpp">
      <Filter>소스 파일\Core</Filter>
    </ClCompile>
    <ClCompile Include="Detector.cpp">
      <Filter>소스 파일\Core</Filter>
    </ClCompile>
    <ClCompile Include="Matcher.cpp">
      <Filter>소스 파일\Core</Filter>
    </ClCompile>
    <ClCompile Include="TemplateHologram.cpp">
      <Filter>소스 파일\Core</Filter>
    </ClCompile>
    <ClCompile Include="VideoModule.cpp">
      <Filter>소스 파일</Filter>
    </ClCompile>
  </ItemGroup>
  <ItemGroup>
    <ResourceCompile Include="ExtractHologram_comp.rc">
      <Filter>리소스 파일</Filter>
    </ResourceCompile>
  </ItemGroup>
  <ItemGroup>
    <None Include="res\ExtractHologram_comp.rc2">
      <Filter>리소스 파일</Filter>
    </None>
  </ItemGroup>
  <ItemGroup>
    <Image Include="res\ExtractHologram_comp.ico">
      <Filter>리소스 파일</Filter>
    </Image>
  </ItemGroup>
</Project>